
Microsoft Visual Studio Solution File, Format Version 12.00
# Visual Studio 15
VisualStudioVersion = 15.0.28307.1169
MinimumVisualStudioVersion = 10.0.40219.1
Project("{FAE04EC0-301F-11D3-BF4B-00C04F79EFBC}") = "Calculator", "Calculator\Calculator.csproj", "{9B534DA5-CD21-4E4F-BA68-519B4BE9A283}"
EndProject
Project("{FAE04EC0-301F-11D3-BF4B-00C04F79EFBC}") = "UnitTest", "UnitTest\UnitTest.csproj", "{E75E9305-C10D-4577-BBBD-8D4888B0DFEC}"
EndProject
Project("{FAE04EC0-301F-11D3-BF4B-00C04F79EFBC}") = "Helper", "Helper\Helper.csproj", "{B463C538-A11D-435D-92A6-6A087C3A70F7}"
EndProject
Global
	GlobalSection(SolutionConfigurationPlatforms) = preSolution
		Debug|Any CPU = Debug|Any CPU
		Release|Any CPU = Release|Any CPU
	EndGlobalSection
	GlobalSection(ProjectConfigurationPlatforms) = postSolution
		{9B534DA5-CD21-4E4F-BA68-519B4BE9A283}.Debug|Any CPU.ActiveCfg = Debug|Any CPU
		{9B534DA5-CD21-4E4F-BA68-519B4BE9A283}.Debug|Any CPU.Build.0 = Debug|Any CPU
		{9B534DA5-CD21-4E4F-BA68-519B4BE9A283}.Release|Any CPU.ActiveCfg = Release|Any CPU
		{9B534DA5-CD21-4E4F-BA68-519B4BE9A283}.Release|Any CPU.Build.0 = Release|Any CPU
		{E75E9305-C10D-4577-BBBD-8D4888B0DFEC}.Debug|Any CPU.ActiveCfg = Debug|Any CPU
		{E75E9305-C10D-4577-BBBD-8D4888B0DFEC}.Debug|Any CPU.Build.0 = Debug|Any CPU
		{E75E9305-C10D-4577-BBBD-8D4888B0DFEC}.Release|Any CPU.ActiveCfg = Release|Any CPU
		{E75E9305-C10D-4577-BBBD-8D4888B0DFEC}.Release|Any CPU.Build.0 = Release|Any CPU
		{B463C538-A11D-435D-92A6-6A087C3A70F7}.Debug|Any CPU.ActiveCfg = Debug|Any CPU
		{B463C538-A11D-435D-92A6-6A087C3A70F7}.Debug|Any CPU.Build.0 = Debug|Any CPU
		{B463C538-A11D-435D-92A6-6A087C3A70F7}.Release|Any CPU.ActiveCfg = Release|Any CPU
		{B463C538-A11D-435D-92A6-6A087C3A70F7}.Release|Any CPU.Build.0 = Release|Any CPU
	EndGlobalSection
	GlobalSection(SolutionProperties) = preSolution
		HideSolutionNode = FALSE
	EndGlobalSection
	GlobalSection(ExtensibilityGlobals) = postSolution
		SolutionGuid = {EA59F870-0536-42FC-826F-4EDA84EB7982}
	EndGlobalSection
EndGlobal
